// !$*UTF8*$!
{
	archiveVersion = 1;
	classes = {
	};
	objectVersion = 46;
	objects = {

/* Begin PBXBuildFile section */
		4E2664AB1F697ED3009E5621 /* UserDetailViewController.swift in Sources */ = {isa = PBXBuildFile; fileRef = 4E2664AA1F697ED3009E5621 /* UserDetailViewController.swift */; };
		4ED3341D1F6305D30093AFFE /* DateTableViewController.swift in Sources */ = {isa = PBXBuildFile; fileRef = 4ED3341C1F6305D30093AFFE /* DateTableViewController.swift */; };
		4ED3341F1F6306800093AFFE /* DateTableViewCell.swift in Sources */ = {isa = PBXBuildFile; fileRef = 4ED3341E1F6306800093AFFE /* DateTableViewCell.swift */; };
		4EDDFBA61F65B2C40013599E /* UserIdentData.swift in Sources */ = {isa = PBXBuildFile; fileRef = 4EDDFBA51F65B2C40013599E /* UserIdentData.swift */; };
		4EDDFBA81F65BE840013599E /* DateData.swift in Sources */ = {isa = PBXBuildFile; fileRef = 4EDDFBA71F65BE840013599E /* DateData.swift */; };
		4EDFC6151F6455FB001B3A0E /* UserTableViewCell.swift in Sources */ = {isa = PBXBuildFile; fileRef = 4EDFC6141F6455FB001B3A0E /* UserTableViewCell.swift */; };
		4EDFC6171F646301001B3A0E /* UserTableViewController.swift in Sources */ = {isa = PBXBuildFile; fileRef = 4EDFC6161F646301001B3A0E /* UserTableViewController.swift */; };
		4EDFC63D1F647219001B3A0E /* FoodTracker.xcdatamodeld in Sources */ = {isa = PBXBuildFile; fileRef = 4EDFC63B1F647219001B3A0E /* FoodTracker.xcdatamodeld */; };
		4EE862A11F3FB309003D62C5 /* MealTableViewCell.swift in Sources */ = {isa = PBXBuildFile; fileRef = 4EE862A01F3FB309003D62C5 /* MealTableViewCell.swift */; };
		4EE91BB51F3E4D2000BD8CC7 /* AppDelegate.swift in Sources */ = {isa = PBXBuildFile; fileRef = 4EE91BB41F3E4D2000BD8CC7 /* AppDelegate.swift */; };
		4EE91BB71F3E4D2000BD8CC7 /* FoodViewController.swift in Sources */ = {isa = PBXBuildFile; fileRef = 4EE91BB61F3E4D2000BD8CC7 /* FoodViewController.swift */; };
		4EE91BBA1F3E4D2000BD8CC7 /* Main.storyboard in Resources */ = {isa = PBXBuildFile; fileRef = 4EE91BB81F3E4D2000BD8CC7 /* Main.storyboard */; };
		4EE91BBC1F3E4D2000BD8CC7 /* Assets.xcassets in Resources */ = {isa = PBXBuildFile; fileRef = 4EE91BBB1F3E4D2000BD8CC7 /* Assets.xcassets */; };
		4EE91BCA1F3E4D2000BD8CC7 /* FoodTrackerTests.swift in Sources */ = {isa = PBXBuildFile; fileRef = 4EE91BC91F3E4D2000BD8CC7 /* FoodTrackerTests.swift */; };
		4EE91BD51F3E4D2000BD8CC7 /* FoodTrackerUITests.swift in Sources */ = {isa = PBXBuildFile; fileRef = 4EE91BD41F3E4D2000BD8CC7 /* FoodTrackerUITests.swift */; };
		4EEBA1751F3FD6930052C7A1 /* FoodTableViewController.swift in Sources */ = {isa = PBXBuildFile; fileRef = 4EEBA1741F3FD6930052C7A1 /* FoodTableViewController.swift */; };
		4EEBC0711F49FCF90064E18F /* FoodHistoryTableViewController.swift in Sources */ = {isa = PBXBuildFile; fileRef = 4EEBC0701F49FCF90064E18F /* FoodHistoryTableViewController.swift */; };
		4EEBD4F61F3FCA0900D07117 /* Food.swift in Sources */ = {isa = PBXBuildFile; fileRef = 4EEBD4F51F3FCA0900D07117 /* Food.swift */; };
		4EFF14D51F50A88500ABEE10 /* FoodHistoryTableViewCell.swift in Sources */ = {isa = PBXBuildFile; fileRef = 4EFF14D41F50A88500ABEE10 /* FoodHistoryTableViewCell.swift */; };
/* End PBXBuildFile section */

/* Begin PBXContainerItemProxy section */
		4EE91BC61F3E4D2000BD8CC7 /* PBXContainerItemProxy */ = {
			isa = PBXContainerItemProxy;
			containerPortal = 4EE91BA91F3E4D2000BD8CC7 /* Project object */;
			proxyType = 1;
			remoteGlobalIDString = 4EE91BB01F3E4D2000BD8CC7;
			remoteInfo = FoodTracker;
		};
		4EE91BD11F3E4D2000BD8CC7 /* PBXContainerItemProxy */ = {
			isa = PBXContainerItemProxy;
			containerPortal = 4EE91BA91F3E4D2000BD8CC7 /* Project object */;
			proxyType = 1;
			remoteGlobalIDString = 4EE91BB01F3E4D2000BD8CC7;
			remoteInfo = FoodTracker;
		};
/* End PBXContainerItemProxy section */

/* Begin PBXFileReference section */
		4E2664AA1F697ED3009E5621 /* UserDetailViewController.swift */ = {isa = PBXFileReference; fileEncoding = 4; lastKnownFileType = sourcecode.swift; path = UserDetailViewController.swift; sourceTree = "<group>"; };
		4ED3341C1F6305D30093AFFE /* DateTableViewController.swift */ = {isa = PBXFileReference; fileEncoding = 4; lastKnownFileType = sourcecode.swift; path = DateTableViewController.swift; sourceTree = "<group>"; };
		4ED3341E1F6306800093AFFE /* DateTableViewCell.swift */ = {isa = PBXFileReference; fileEncoding = 4; lastKnownFileType = sourcecode.swift; path = DateTableViewCell.swift; sourceTree = "<group>"; };
		4EDDFBA51F65B2C40013599E /* UserIdentData.swift */ = {isa = PBXFileReference; fileEncoding = 4; lastKnownFileType = sourcecode.swift; path = UserIdentData.swift; sourceTree = "<group>"; };
		4EDDFBA71F65BE840013599E /* DateData.swift */ = {isa = PBXFileReference; fileEncoding = 4; lastKnownFileType = sourcecode.swift; path = DateData.swift; sourceTree = "<group>"; };
		4EDFC6141F6455FB001B3A0E /* UserTableViewCell.swift */ = {isa = PBXFileReference; fileEncoding = 4; lastKnownFileType = sourcecode.swift; path = UserTableViewCell.swift; sourceTree = "<group>"; };
		4EDFC6161F646301001B3A0E /* UserTableViewController.swift */ = {isa = PBXFileReference; fileEncoding = 4; lastKnownFileType = sourcecode.swift; path = UserTableViewController.swift; sourceTree = "<group>"; };
		4EDFC63C1F647219001B3A0E /* FoodTracker.xcdatamodel */ = {isa = PBXFileReference; lastKnownFileType = wrapper.xcdatamodel; path = FoodTracker.xcdatamodel; sourceTree = "<group>"; };
		4EE862A01F3FB309003D62C5 /* MealTableViewCell.swift */ = {isa = PBXFileReference; fileEncoding = 4; lastKnownFileType = sourcecode.swift; path = MealTableViewCell.swift; sourceTree = "<group>"; };
		4EE91BB11F3E4D2000BD8CC7 /* FoodTracker.app */ = {isa = PBXFileReference; explicitFileType = wrapper.application; includeInIndex = 0; path = FoodTracker.app; sourceTree = BUILT_PRODUCTS_DIR; };
		4EE91BB41F3E4D2000BD8CC7 /* AppDelegate.swift */ = {isa = PBXFileReference; lastKnownFileType = sourcecode.swift; path = AppDelegate.swift; sourceTree = "<group>"; };
		4EE91BB61F3E4D2000BD8CC7 /* FoodViewController.swift */ = {isa = PBXFileReference; lastKnownFileType = sourcecode.swift; path = FoodViewController.swift; sourceTree = "<group>"; };
		4EE91BB91F3E4D2000BD8CC7 /* Base */ = {isa = PBXFileReference; lastKnownFileType = file.storyboard; name = Base; path = Base.lproj/Main.storyboard; sourceTree = "<group>"; };
		4EE91BBB1F3E4D2000BD8CC7 /* Assets.xcassets */ = {isa = PBXFileReference; lastKnownFileType = folder.assetcatalog; path = Assets.xcassets; sourceTree = "<group>"; };
		4EE91BC01F3E4D2000BD8CC7 /* Info.plist */ = {isa = PBXFileReference; lastKnownFileType = text.plist.xml; path = Info.plist; sourceTree = "<group>"; };
		4EE91BC51F3E4D2000BD8CC7 /* FoodTrackerTests.xctest */ = {isa = PBXFileReference; explicitFileType = wrapper.cfbundle; includeInIndex = 0; path = FoodTrackerTests.xctest; sourceTree = BUILT_PRODUCTS_DIR; };
		4EE91BC91F3E4D2000BD8CC7 /* FoodTrackerTests.swift */ = {isa = PBXFileReference; lastKnownFileType = sourcecode.swift; path = FoodTrackerTests.swift; sourceTree = "<group>"; };
		4EE91BCB1F3E4D2000BD8CC7 /* Info.plist */ = {isa = PBXFileReference; lastKnownFileType = text.plist.xml; path = Info.plist; sourceTree = "<group>"; };
		4EE91BD01F3E4D2000BD8CC7 /* FoodTrackerUITests.xctest */ = {isa = PBXFileReference; explicitFileType = wrapper.cfbundle; includeInIndex = 0; path = FoodTrackerUITests.xctest; sourceTree = BUILT_PRODUCTS_DIR; };
		4EE91BD41F3E4D2000BD8CC7 /* FoodTrackerUITests.swift */ = {isa = PBXFileReference; lastKnownFileType = sourcecode.swift; path = FoodTrackerUITests.swift; sourceTree = "<group>"; };
		4EE91BD61F3E4D2000BD8CC7 /* Info.plist */ = {isa = PBXFileReference; lastKnownFileType = text.plist.xml; path = Info.plist; sourceTree = "<group>"; };
		4EEBA1741F3FD6930052C7A1 /* FoodTableViewController.swift */ = {isa = PBXFileReference; fileEncoding = 4; lastKnownFileType = sourcecode.swift; path = FoodTableViewController.swift; sourceTree = "<group>"; };
		4EEBC0701F49FCF90064E18F /* FoodHistoryTableViewController.swift */ = {isa = PBXFileReference; fileEncoding = 4; lastKnownFileType = sourcecode.swift; path = FoodHistoryTableViewController.swift; sourceTree = "<group>"; };
		4EEBD4F51F3FCA0900D07117 /* Food.swift */ = {isa = PBXFileReference; fileEncoding = 4; lastKnownFileType = sourcecode.swift; path = Food.swift; sourceTree = "<group>"; };
		4EFF14D41F50A88500ABEE10 /* FoodHistoryTableViewCell.swift */ = {isa = PBXFileReference; fileEncoding = 4; lastKnownFileType = sourcecode.swift; path = FoodHistoryTableViewCell.swift; sourceTree = "<group>"; };
/* End PBXFileReference section */

/* Begin PBXFrameworksBuildPhase section */
		4EE91BAE1F3E4D2000BD8CC7 /* Frameworks */ = {
			isa = PBXFrameworksBuildPhase;
			buildActionMask = 2147483647;
			files = (
			);
			runOnlyForDeploymentPostprocessing = 0;
		};
		4EE91BC21F3E4D2000BD8CC7 /* Frameworks */ = {
			isa = PBXFrameworksBuildPhase;
			buildActionMask = 2147483647;
			files = (
			);
			runOnlyForDeploymentPostprocessing = 0;
		};
		4EE91BCD1F3E4D2000BD8CC7 /* Frameworks */ = {
			isa = PBXFrameworksBuildPhase;
			buildActionMask = 2147483647;
			files = (
			);
			runOnlyForDeploymentPostprocessing = 0;
		};
/* End PBXFrameworksBuildPhase section */

/* Begin PBXGroup section */
		4EE91BA81F3E4D2000BD8CC7 = {
			isa = PBXGroup;
			children = (
				4EE91BB31F3E4D2000BD8CC7 /* FoodTracker */,
				4EE91BC81F3E4D2000BD8CC7 /* FoodTrackerTests */,
				4EE91BD31F3E4D2000BD8CC7 /* FoodTrackerUITests */,
				4EE91BB21F3E4D2000BD8CC7 /* Products */,
			);
			sourceTree = "<group>";
		};
		4EE91BB21F3E4D2000BD8CC7 /* Products */ = {
			isa = PBXGroup;
			children = (
				4EE91BB11F3E4D2000BD8CC7 /* FoodTracker.app */,
				4EE91BC51F3E4D2000BD8CC7 /* FoodTrackerTests.xctest */,
				4EE91BD01F3E4D2000BD8CC7 /* FoodTrackerUITests.xctest */,
			);
			name = Products;
			sourceTree = "<group>";
		};
		4EE91BB31F3E4D2000BD8CC7 /* FoodTracker */ = {
			isa = PBXGroup;
			children = (
				4EDFC63B1F647219001B3A0E /* FoodTracker.xcdatamodeld */,
				4EE91BB41F3E4D2000BD8CC7 /* AppDelegate.swift */,
				4EEBD4F51F3FCA0900D07117 /* Food.swift */,
				4EE91BB61F3E4D2000BD8CC7 /* FoodViewController.swift */,
				4EE91BB81F3E4D2000BD8CC7 /* Main.storyboard */,
				4E2664AA1F697ED3009E5621 /* UserDetailViewController.swift */,
				4EDFC6161F646301001B3A0E /* UserTableViewController.swift */,
				4EDFC6141F6455FB001B3A0E /* UserTableViewCell.swift */,
				4EDDFBA51F65B2C40013599E /* UserIdentData.swift */,
				4EDDFBA71F65BE840013599E /* DateData.swift */,
				4ED3341C1F6305D30093AFFE /* DateTableViewController.swift */,
				4ED3341E1F6306800093AFFE /* DateTableViewCell.swift */,
				4EEBA1741F3FD6930052C7A1 /* FoodTableViewController.swift */,
				4EE862A01F3FB309003D62C5 /* MealTableViewCell.swift */,
				4EE91BBB1F3E4D2000BD8CC7 /* Assets.xcassets */,
				4EEBC0701F49FCF90064E18F /* FoodHistoryTableViewController.swift */,
				4EFF14D41F50A88500ABEE10 /* FoodHistoryTableViewCell.swift */,
				4EE91BC01F3E4D2000BD8CC7 /* Info.plist */,
			);
			path = FoodTracker;
			sourceTree = "<group>";
		};
		4EE91BC81F3E4D2000BD8CC7 /* FoodTrackerTests */ = {
			isa = PBXGroup;
			children = (
				4EE91BC91F3E4D2000BD8CC7 /* FoodTrackerTests.swift */,
				4EE91BCB1F3E4D2000BD8CC7 /* Info.plist */,
			);
			path = FoodTrackerTests;
			sourceTree = "<group>";
		};
		4EE91BD31F3E4D2000BD8CC7 /* FoodTrackerUITests */ = {
			isa = PBXGroup;
			children = (
				4EE91BD41F3E4D2000BD8CC7 /* FoodTrackerUITests.swift */,
				4EE91BD61F3E4D2000BD8CC7 /* Info.plist */,
			);
			path = FoodTrackerUITests;
			sourceTree = "<group>";
		};
/* End PBXGroup section */

/* Begin PBXNativeTarget section */
		4EE91BB01F3E4D2000BD8CC7 /* FoodTracker */ = {
			isa = PBXNativeTarget;
			buildConfigurationList = 4EE91BD91F3E4D2000BD8CC7 /* Build configuration list for PBXNativeTarget "FoodTracker" */;
			buildPhases = (
				4EE91BAD1F3E4D2000BD8CC7 /* Sources */,
				4EE91BAE1F3E4D2000BD8CC7 /* Frameworks */,
				4EE91BAF1F3E4D2000BD8CC7 /* Resources */,
			);
			buildRules = (
			);
			dependencies = (
			);
			name = FoodTracker;
			productName = FoodTracker;
			productReference = 4EE91BB11F3E4D2000BD8CC7 /* FoodTracker.app */;
			productType = "com.apple.product-type.application";
		};
		4EE91BC41F3E4D2000BD8CC7 /* FoodTrackerTests */ = {
			isa = PBXNativeTarget;
			buildConfigurationList = 4EE91BDC1F3E4D2000BD8CC7 /* Build configuration list for PBXNativeTarget "FoodTrackerTests" */;
			buildPhases = (
				4EE91BC11F3E4D2000BD8CC7 /* Sources */,
				4EE91BC21F3E4D2000BD8CC7 /* Frameworks */,
				4EE91BC31F3E4D2000BD8CC7 /* Resources */,
			);
			buildRules = (
			);
			dependencies = (
				4EE91BC71F3E4D2000BD8CC7 /* PBXTargetDependency */,
			);
			name = FoodTrackerTests;
			productName = FoodTrackerTests;
			productReference = 4EE91BC51F3E4D2000BD8CC7 /* FoodTrackerTests.xctest */;
			productType = "com.apple.product-type.bundle.unit-test";
		};
		4EE91BCF1F3E4D2000BD8CC7 /* FoodTrackerUITests */ = {
			isa = PBXNativeTarget;
			buildConfigurationList = 4EE91BDF1F3E4D2000BD8CC7 /* Build configuration list for PBXNativeTarget "FoodTrackerUITests" */;
			buildPhases = (
				4EE91BCC1F3E4D2000BD8CC7 /* Sources */,
				4EE91BCD1F3E4D2000BD8CC7 /* Frameworks */,
				4EE91BCE1F3E4D2000BD8CC7 /* Resources */,
			);
			buildRules = (
			);
			dependencies = (
				4EE91BD21F3E4D2000BD8CC7 /* PBXTargetDependency */,
			);
			name = FoodTrackerUITests;
			productName = FoodTrackerUITests;
			productReference = 4EE91BD01F3E4D2000BD8CC7 /* FoodTrackerUITests.xctest */;
			productType = "com.apple.product-type.bundle.ui-testing";
		};
/* End PBXNativeTarget section */

/* Begin PBXProject section */
		4EE91BA91F3E4D2000BD8CC7 /* Project object */ = {
			isa = PBXProject;
			attributes = {
				LastSwiftUpdateCheck = 0830;
				LastUpgradeCheck = 0830;
				ORGANIZATIONNAME = "Samuel Itschner";
				TargetAttributes = {
					4EE91BB01F3E4D2000BD8CC7 = {
						CreatedOnToolsVersion = 8.3.3;
						DevelopmentTeam = 3BRT25G422;
						ProvisioningStyle = Automatic;
					};
					4EE91BC41F3E4D2000BD8CC7 = {
						CreatedOnToolsVersion = 8.3.3;
						ProvisioningStyle = Automatic;
						TestTargetID = 4EE91BB01F3E4D2000BD8CC7;
					};
					4EE91BCF1F3E4D2000BD8CC7 = {
						CreatedOnToolsVersion = 8.3.3;
						ProvisioningStyle = Automatic;
						TestTargetID = 4EE91BB01F3E4D2000BD8CC7;
					};
				};
			};
			buildConfigurationList = 4EE91BAC1F3E4D2000BD8CC7 /* Build configuration list for PBXProject "FoodTracker" */;
			compatibilityVersion = "Xcode 3.2";
			developmentRegion = English;
			hasScannedForEncodings = 0;
			knownRegions = (
				en,
				Base,
			);
			mainGroup = 4EE91BA81F3E4D2000BD8CC7;
			productRefGroup = 4EE91BB21F3E4D2000BD8CC7 /* Products */;
			projectDirPath = "";
			projectRoot = "";
			targets = (
				4EE91BB01F3E4D2000BD8CC7 /* FoodTracker */,
				4EE91BC41F3E4D2000BD8CC7 /* FoodTrackerTests */,
				4EE91BCF1F3E4D2000BD8CC7 /* FoodTrackerUITests */,
			);
		};
/* End PBXProject section */

/* Begin PBXResourcesBuildPhase section */
		4EE91BAF1F3E4D2000BD8CC7 /* Resources */ = {
			isa = PBXResourcesBuildPhase;
			buildActionMask = 2147483647;
			files = (
				4EE91BBC1F3E4D2000BD8CC7 /* Assets.xcassets in Resources */,
				4EE91BBA1F3E4D2000BD8CC7 /* Main.storyboard in Resources */,
			);
			runOnlyForDeploymentPostprocessing = 0;
		};
		4EE91BC31F3E4D2000BD8CC7 /* Resources */ = {
			isa = PBXResourcesBuildPhase;
			buildActionMask = 2147483647;
			files = (
			);
			runOnlyForDeploymentPostprocessing = 0;
		};
		4EE91BCE1F3E4D2000BD8CC7 /* Resources */ = {
			isa = PBXResourcesBuildPhase;
			buildActionMask = 2147483647;
			files = (
			);
			runOnlyForDeploymentPostprocessing = 0;
		};
/* End PBXResourcesBuildPhase section */

/* Begin PBXSourcesBuildPhase section */
		4EE91BAD1F3E4D2000BD8CC7 /* Sources */ = {
			isa = PBXSourcesBuildPhase;
			buildActionMask = 2147483647;
			files = (
				4EE862A11F3FB309003D62C5 /* MealTableViewCell.swift in Sources */,
				4EE91BB71F3E4D2000BD8CC7 /* FoodViewController.swift in Sources */,
				4EEBD4F61F3FCA0900D07117 /* Food.swift in Sources */,
				4EDFC63D1F647219001B3A0E /* FoodTracker.xcdatamodeld in Sources */,
				4EDDFBA61F65B2C40013599E /* UserIdentData.swift in Sources */,
				4EDDFBA81F65BE840013599E /* DateData.swift in Sources */,
				4ED3341F1F6306800093AFFE /* DateTableViewCell.swift in Sources */,
				4EDFC6151F6455FB001B3A0E /* UserTableViewCell.swift in Sources */,
				4EEBA1751F3FD6930052C7A1 /* FoodTableViewController.swift in Sources */,
				4EFF14D51F50A88500ABEE10 /* FoodHistoryTableViewCell.swift in Sources */,
				4ED3341D1F6305D30093AFFE /* DateTableViewController.swift in Sources */,
				4E2664AB1F697ED3009E5621 /* UserDetailViewController.swift in Sources */,
				4EDFC6171F646301001B3A0E /* UserTableViewController.swift in Sources */,
				4EEBC0711F49FCF90064E18F /* FoodHistoryTableViewController.swift in Sources */,
				4EE91BB51F3E4D2000BD8CC7 /* AppDelegate.swift in Sources */,
			);
			runOnlyForDeploymentPostprocessing = 0;
		};
		4EE91BC11F3E4D2000BD8CC7 /* Sources */ = {
			isa = PBXSourcesBuildPhase;
			buildActionMask = 2147483647;
			files = (
				4EE91BCA1F3E4D2000BD8CC7 /* FoodTrackerTests.swift in Sources */,
			);
			runOnlyForDeploymentPostprocessing = 0;
		};
		4EE91BCC1F3E4D2000BD8CC7 /* Sources */ = {
			isa = PBXSourcesBuildPhase;
			buildActionMask = 2147483647;
			files = (
				4EE91BD51F3E4D2000BD8CC7 /* FoodTrackerUITests.swift in Sources */,
			);
			runOnlyForDeploymentPostprocessing = 0;
		};
/* End PBXSourcesBuildPhase section */

/* Begin PBXTargetDependency section */
		4EE91BC71F3E4D2000BD8CC7 /* PBXTargetDependency */ = {
			isa = PBXTargetDependency;
			target = 4EE91BB01F3E4D2000BD8CC7 /* FoodTracker */;
			targetProxy = 4EE91BC61F3E4D2000BD8CC7 /* PBXContainerItemProxy */;
		};
		4EE91BD21F3E4D2000BD8CC7 /* PBXTargetDependency */ = {
			isa = PBXTargetDependency;
			target = 4EE91BB01F3E4D2000BD8CC7 /* FoodTracker */;
			targetProxy = 4EE91BD11F3E4D2000BD8CC7 /* PBXContainerItemProxy */;
		};
/* End PBXTargetDependency section */

/* Begin PBXVariantGroup section */
		4EE91BB81F3E4D2000BD8CC7 /* Main.storyboard */ = {
			isa = PBXVariantGroup;
			children = (
				4EE91BB91F3E4D2000BD8CC7 /* Base */,
			);
			name = Main.storyboard;
			sourceTree = "<group>";
		};
/* End PBXVariantGroup section */

/* Begin XCBuildConfiguration section */
		4EE91BD71F3E4D2000BD8CC7 /* Debug */ = {
			isa = XCBuildConfiguration;
			buildSettings = {
				ALWAYS_SEARCH_USER_PATHS = NO;
				CLANG_ANALYZER_NONNULL = YES;
				CLANG_ANALYZER_NUMBER_OBJECT_CONVERSION = YES_AGGRESSIVE;
				CLANG_CXX_LANGUAGE_STANDARD = "gnu++0x";
				CLANG_CXX_LIBRARY = "libc++";
				CLANG_ENABLE_MODULES = YES;
				CLANG_ENABLE_OBJC_ARC = YES;
				CLANG_WARN_BOOL_CONVERSION = YES;
				CLANG_WARN_CONSTANT_CONVERSION = YES;
				CLANG_WARN_DIRECT_OBJC_ISA_USAGE = YES_ERROR;
				CLANG_WARN_DOCUMENTATION_COMMENTS = YES;
				CLANG_WARN_EMPTY_BODY = YES;
				CLANG_WARN_ENUM_CONVERSION = YES;
				CLANG_WARN_INFINITE_RECURSION = YES;
				CLANG_WARN_INT_CONVERSION = YES;
				CLANG_WARN_OBJC_ROOT_CLASS = YES_ERROR;
				CLANG_WARN_SUSPICIOUS_MOVE = YES;
				CLANG_WARN_UNREACHABLE_CODE = YES;
				CLANG_WARN__DUPLICATE_METHOD_MATCH = YES;
				"CODE_SIGN_IDENTITY[sdk=iphoneos*]" = "iPhone Developer";
				COPY_PHASE_STRIP = NO;
				DEBUG_INFORMATION_FORMAT = dwarf;
				ENABLE_STRICT_OBJC_MSGSEND = YES;
				ENABLE_TESTABILITY = YES;
				GCC_C_LANGUAGE_STANDARD = gnu99;
				GCC_DYNAMIC_NO_PIC = NO;
				GCC_NO_COMMON_BLOCKS = YES;
				GCC_OPTIMIZATION_LEVEL = 0;
				GCC_PREPROCESSOR_DEFINITIONS = (
					"DEBUG=1",
					"$(inherited)",
				);
				GCC_WARN_64_TO_32_BIT_CONVERSION = YES;
				GCC_WARN_ABOUT_RETURN_TYPE = YES_ERROR;
				GCC_WARN_UNDECLARED_SELECTOR = YES;
				GCC_WARN_UNINITIALIZED_AUTOS = YES_AGGRESSIVE;
				GCC_WARN_UNUSED_FUNCTION = YES;
				GCC_WARN_UNUSED_VARIABLE = YES;
				IPHONEOS_DEPLOYMENT_TARGET = 10.3;
				MTL_ENABLE_DEBUG_INFO = YES;
				ONLY_ACTIVE_ARCH = YES;
				SDKROOT = iphoneos;
				SWIFT_ACTIVE_COMPILATION_CONDITIONS = DEBUG;
				SWIFT_OPTIMIZATION_LEVEL = "-Onone";
			};
			name = Debug;
		};
		4EE91BD81F3E4D2000BD8CC7 /* Release */ = {
			isa = XCBuildConfiguration;
			buildSettings = {
				ALWAYS_SEARCH_USER_PATHS = NO;
				CLANG_ANALYZER_NONNULL = YES;
				CLANG_ANALYZER_NUMBER_OBJECT_CONVERSION = YES_AGGRESSIVE;
				CLANG_CXX_LANGUAGE_STANDARD = "gnu++0x";
				CLANG_CXX_LIBRARY = "libc++";
				CLANG_ENABLE_MODULES = YES;
				CLANG_ENABLE_OBJC_ARC = YES;
				CLANG_WARN_BOOL_CONVERSION = YES;
				CLANG_WARN_CONSTANT_CONVERSION = YES;
				CLANG_WARN_DIRECT_OBJC_ISA_USAGE = YES_ERROR;
				CLANG_WARN_DOCUMENTATION_COMMENTS = YES;
				CLANG_WARN_EMPTY_BODY = YES;
				CLANG_WARN_ENUM_CONVERSION = YES;
				CLANG_WARN_INFINITE_RECURSION = YES;
				CLANG_WARN_INT_CONVERSION = YES;
				CLANG_WARN_OBJC_ROOT_CLASS = YES_ERROR;
				CLANG_WARN_SUSPICIOUS_MOVE = YES;
				CLANG_WARN_UNREACHABLE_CODE = YES;
				CLANG_WARN__DUPLICATE_METHOD_MATCH = YES;
				"CODE_SIGN_IDENTITY[sdk=iphoneos*]" = "iPhone Developer";
				COPY_PHASE_STRIP = NO;
				DEBUG_INFORMATION_FORMAT = "dwarf-with-dsym";
				ENABLE_NS_ASSERTIONS = NO;
				ENABLE_STRICT_OBJC_MSGSEND = YES;
				GCC_C_LANGUAGE_STANDARD = gnu99;
				GCC_NO_COMMON_BLOCKS = YES;
				GCC_WARN_64_TO_32_BIT_CONVERSION = YES;
				GCC_WARN_ABOUT_RETURN_TYPE = YES_ERROR;
				GCC_WARN_UNDECLARED_SELECTOR = YES;
				GCC_WARN_UNINITIALIZED_AUTOS = YES_AGGRESSIVE;
				GCC_WARN_UNUSED_FUNCTION = YES;
				GCC_WARN_UNUSED_VARIABLE = YES;
				IPHONEOS_DEPLOYMENT_TARGET = 10.3;
				MTL_ENABLE_DEBUG_INFO = NO;
				SDKROOT = iphoneos;
				SWIFT_OPTIMIZATION_LEVEL = "-Owholemodule";
				VALIDATE_PRODUCT = YES;
			};
			name = Release;
		};
		4EE91BDA1F3E4D2000BD8CC7 /* Debug */ = {
			isa = XCBuildConfiguration;
			buildSettings = {
				ASSETCATALOG_COMPILER_APPICON_NAME = AppIcon;
				DEVELOPMENT_TEAM = 3BRT25G422;
				INFOPLIST_FILE = FoodTracker/Info.plist;
				LD_RUNPATH_SEARCH_PATHS = "$(inherited) @executable_path/Frameworks";
				PRODUCT_BUNDLE_IDENTIFIER = com.FoodTracker;
				PRODUCT_NAME = "$(TARGET_NAME)";
				SWIFT_VERSION = 3.0;
			};
			name = Debug;
		};
		4EE91BDB1F3E4D2000BD8CC7 /* Release */ = {
			isa = XCBuildConfiguration;
			buildSettings = {
				ASSETCATALOG_COMPILER_APPICON_NAME = AppIcon;
				DEVELOPMENT_TEAM = 3BRT25G422;
				INFOPLIST_FILE = FoodTracker/Info.plist;
				LD_RUNPATH_SEARCH_PATHS = "$(inherited) @executable_path/Frameworks";
				PRODUCT_BUNDLE_IDENTIFIER = com.FoodTracker;
				PRODUCT_NAME = "$(TARGET_NAME)";
				SWIFT_VERSION = 3.0;
			};
			name = Release;
		};
		4EE91BDD1F3E4D2000BD8CC7 /* Debug */ = {
			isa = XCBuildConfiguration;
			buildSettings = {
				ALWAYS_EMBED_SWIFT_STANDARD_LIBRARIES = YES;
				BUNDLE_LOADER = "$(TEST_HOST)";
				INFOPLIST_FILE = FoodTrackerTests/Info.plist;
				LD_RUNPATH_SEARCH_PATHS = "$(inherited) @executable_path/Frameworks @loader_path/Frameworks";
				PRODUCT_BUNDLE_IDENTIFIER = com.FoodTrackerTests;
				PRODUCT_NAME = "$(TARGET_NAME)";
				SWIFT_VERSION = 3.0;
				TEST_HOST = "$(BUILT_PRODUCTS_DIR)/FoodTracker.app/FoodTracker";
			};
			name = Debug;
		};
		4EE91BDE1F3E4D2000BD8CC7 /* Release */ = {
			isa = XCBuildConfiguration;
			buildSettings = {
				ALWAYS_EMBED_SWIFT_STANDARD_LIBRARIES = YES;
				BUNDLE_LOADER = "$(TEST_HOST)";
				INFOPLIST_FILE = FoodTrackerTests/Info.plist;
				LD_RUNPATH_SEARCH_PATHS = "$(inherited) @executable_path/Frameworks @loader_path/Frameworks";
				PRODUCT_BUNDLE_IDENTIFIER = com.FoodTrackerTests;
				PRODUCT_NAME = "$(TARGET_NAME)";
				SWIFT_VERSION = 3.0;
				TEST_HOST = "$(BUILT_PRODUCTS_DIR)/FoodTracker.app/FoodTracker";
			};
			name = Release;
		};
		4EE91BE01F3E4D2000BD8CC7 /* Debug */ = {
			isa = XCBuildConfiguration;
			buildSettings = {
				ALWAYS_EMBED_SWIFT_STANDARD_LIBRARIES = YES;
				INFOPLIST_FILE = FoodTrackerUITests/Info.plist;
				LD_RUNPATH_SEARCH_PATHS = "$(inherited) @executable_path/Frameworks @loader_path/Frameworks";
				PRODUCT_BUNDLE_IDENTIFIER = com.FoodTrackerUITests;
				PRODUCT_NAME = "$(TARGET_NAME)";
				SWIFT_VERSION = 3.0;
				TEST_TARGET_NAME = FoodTracker;
			};
			name = Debug;
		};
		4EE91BE11F3E4D2000BD8CC7 /* Release */ = {
			isa = XCBuildConfiguration;
			buildSettings = {
				ALWAYS_EMBED_SWIFT_STANDARD_LIBRARIES = YES;
				INFOPLIST_FILE = FoodTrackerUITests/Info.plist;
				LD_RUNPATH_SEARCH_PATHS = "$(inherited) @executable_path/Frameworks @loader_path/Frameworks";
				PRODUCT_BUNDLE_IDENTIFIER = com.FoodTrackerUITests;
				PRODUCT_NAME = "$(TARGET_NAME)";
				SWIFT_VERSION = 3.0;
				TEST_TARGET_NAME = FoodTracker;
			};
			name = Release;
		};
/* End XCBuildConfiguration section */

/* Begin XCConfigurationList section */
		4EE91BAC1F3E4D2000BD8CC7 /* Build configuration list for PBXProject "FoodTracker" */ = {
			isa = XCConfigurationList;
			buildConfigurations = (
				4EE91BD71F3E4D2000BD8CC7 /* Debug */,
				4EE91BD81F3E4D2000BD8CC7 /* Release */,
			);
			defaultConfigurationIsVisible = 0;
			defaultConfigurationName = Release;
		};
		4EE91BD91F3E4D2000BD8CC7 /* Build configuration list for PBXNativeTarget "FoodTracker" */ = {
			isa = XCConfigurationList;
			buildConfigurations = (
				4EE91BDA1F3E4D2000BD8CC7 /* Debug */,
				4EE91BDB1F3E4D2000BD8CC7 /* Release */,
			);
			defaultConfigurationIsVisible = 0;
			defaultConfigurationName = Release;
		};
		4EE91BDC1F3E4D2000BD8CC7 /* Build configuration list for PBXNativeTarget "FoodTrackerTests" */ = {
			isa = XCConfigurationList;
			buildConfigurations = (
				4EE91BDD1F3E4D2000BD8CC7 /* Debug */,
				4EE91BDE1F3E4D2000BD8CC7 /* Release */,
			);
			defaultConfigurationIsVisible = 0;
			defaultConfigurationName = Release;
		};
		4EE91BDF1F3E4D2000BD8CC7 /* Build configuration list for PBXNativeTarget "FoodTrackerUITests" */ = {
			isa = XCConfigurationList;
			buildConfigurations = (
				4EE91BE01F3E4D2000BD8CC7 /* Debug */,
				4EE91BE11F3E4D2000BD8CC7 /* Release */,
			);
			defaultConfigurationIsVisible = 0;
			defaultConfigurationName = Release;
		};
/* End XCConfigurationList section */

/* Begin XCVersionGroup section */
		4EDFC63B1F647219001B3A0E /* FoodTracker.xcdatamodeld */ = {
			isa = XCVersionGroup;
			children = (
				4EDFC63C1F647219001B3A0E /* FoodTracker.xcdatamodel */,
			);
			currentVersion = 4EDFC63C1F647219001B3A0E /* FoodTracker.xcdatamodel */;
			path = FoodTracker.xcdatamodeld;
			sourceTree = "<group>";
			versionGroupType = wrapper.xcdatamodel;
		};
/* End XCVersionGroup section */
	};
	rootObject = 4EE91BA91F3E4D2000BD8CC7 /* Project object */;
}
